
Microsoft Visual Studio Solution File, Format Version 12.00
# Visual Studio Version 17
VisualStudioVersion = 17.6.33723.286
MinimumVisualStudioVersion = 10.0.40219.1
Project("{FAE04EC0-301F-11D3-BF4B-00C04F79EFBC}") = "QPhone.Service", "QPhone.Service.csproj", "{6D6B422C-49D3-4437-939C-84C95970CF85}"
EndProject
Global
	GlobalSection(SolutionConfigurationPlatforms) = preSolution
		Debug|Any CPU = Debug|Any CPU
		Release|Any CPU = Release|Any CPU
	EndGlobalSection
	GlobalSection(ProjectConfigurationPlatforms) = postSolution
		{6D6B422C-49D3-4437-939C-84C95970CF85}.Debug|Any CPU.ActiveCfg = Debug|Any CPU
		{6D6B422C-49D3-4437-939C-84C95970CF85}.Debug|Any CPU.Build.0 = Debug|Any CPU
		{6D6B422C-49D3-4437-939C-84C95970CF85}.Release|Any CPU.ActiveCfg = Release|Any CPU
		{6D6B422C-49D3-4437-939C-84C95970CF85}.Release|Any CPU.Build.0 = Release|Any CPU
	EndGlobalSection
	GlobalSection(SolutionProperties) = preSolution
		HideSolutionNode = FALSE
	EndGlobalSection
	GlobalSection(ExtensibilityGlobals) = postSolution
		SolutionGuid = {DCE39573-7A4F-4CC0-B8EC-C10D8DECDED6}
	EndGlobalSection
EndGlobal
